
Microsoft Visual Studio Solution File, Format Version 12.00
# Visual Studio Version 16
VisualStudioVersion = 16.0.30621.155
MinimumVisualStudioVersion = 10.0.40219.1
Project("{FAE04EC0-301F-11D3-BF4B-00C04F79EFBC}") = "SpriteBatches", "SpriteBatches\SpriteBatches.csproj", "{8E9EE03C-FDE7-4FCD-85C9-1288D602F8A3}"
EndProject
Global
	GlobalSection(SolutionConfigurationPlatforms) = preSolution
		Debug|Any CPU = Debug|Any CPU
		Release|Any CPU = Release|Any CPU
	EndGlobalSection
	GlobalSection(ProjectConfigurationPlatforms) = postSolution
		{8E9EE03C-FDE7-4FCD-85C9-1288D602F8A3}.Debug|Any CPU.ActiveCfg = Debug|Any CPU
		{8E9EE03C-FDE7-4FCD-85C9-1288D602F8A3}.Debug|Any CPU.Build.0 = Debug|Any CPU
		{8E9EE03C-FDE7-4FCD-85C9-1288D602F8A3}.Release|Any CPU.ActiveCfg = Release|Any CPU
		{8E9EE03C-FDE7-4FCD-85C9-1288D602F8A3}.Release|Any CPU.Build.0 = Release|Any CPU
	EndGlobalSection
	GlobalSection(SolutionProperties) = preSolution
		HideSolutionNode = FALSE
	EndGlobalSection
	GlobalSection(ExtensibilityGlobals) = postSolution
		SolutionGuid = {1E7A7582-1401-4416-9CCF-0EFC59394DCF}
	EndGlobalSection
EndGlobal
